
Microsoft Visual Studio Solution File, Format Version 11.00
# Visual Studio 2010
Project("{FAE04EC0-301F-11D3-BF4B-00C04F79EFBC}") = "MyCinema", "MyCinema\MyCinema.csproj", "{4402F0D8-E296-43E8-88F9-D57EBBA78DD8}"
EndProject
Global
	GlobalSection(SolutionConfigurationPlatforms) = preSolution
		Debug|Any CPU = Debug|Any CPU
		Release|Any CPU = Release|Any CPU
	EndGlobalSection
	GlobalSection(ProjectConfigurationPlatforms) = postSolution
		{4402F0D8-E296-43E8-88F9-D57EBBA78DD8}.Debug|Any CPU.ActiveCfg = Debug|Any CPU
		{4402F0D8-E296-43E8-88F9-D57EBBA78DD8}.Debug|Any CPU.Build.0 = Debug|Any CPU
		{4402F0D8-E296-43E8-88F9-D57EBBA78DD8}.Release|Any CPU.ActiveCfg = Release|Any CPU
		{4402F0D8-E296-43E8-88F9-D57EBBA78DD8}.Release|Any CPU.Build.0 = Release|Any CPU
	EndGlobalSection
	GlobalSection(SolutionProperties) = preSolution
		HideSolutionNode = FALSE
	EndGlobalSection
EndGlobal
